# This file is @generated by PDM.
# It is not intended for manual editing.

[metadata]
groups = ["default"]
strategy = ["inherit_metadata"]
lock_version = "4.5.0"
content_hash = "sha256:e9588df7cbd1d1a8f88d706b5b661e7be3c541e4876f869b0bbff9aa39170664"

[[metadata.targets]]
requires_python = "==3.13.*"

[[package]]
name = "asgiref"
version = "3.8.1"
requires_python = ">=3.8"
summary = "ASGI specs, helper code, and adapters"
groups = ["default"]
dependencies = [
    "typing-extensions>=4; python_version < \"3.11\"",
]
files = [
    {file = "asgiref-3.8.1-py3-none-any.whl", hash = "sha256:3e1e3ecc849832fe52ccf2cb6686b7a55f82bb1d6aee72a58826471390335e47"},
    {file = "asgiref-3.8.1.tar.gz", hash = "sha256:c343bd80a0bec947a9860adb4c432ffa7db769836c64238fc34bdc3fec84d590"},
]

[[package]]
name = "django"
version = "5.2.3"
requires_python = ">=3.10"
summary = "A high-level Python web framework that encourages rapid development and clean, pragmatic design."
groups = ["default"]
dependencies = [
    "asgiref>=3.8.1",
    "sqlparse>=0.3.1",
    "tzdata; sys_platform == \"win32\"",
]
files = [
    {file = "django-5.2.3-py3-none-any.whl", hash = "sha256:c517a6334e0fd940066aa9467b29401b93c37cec2e61365d663b80922542069d"},
    {file = "django-5.2.3.tar.gz", hash = "sha256:335213277666ab2c5cac44a792a6d2f3d58eb79a80c14b6b160cd4afc3b75684"},
]

[[package]]
name = "django-localflavor"
version = "5.0"
requires_python = ">=3.9"
summary = "Country-specific Django helpers"
groups = ["default"]
dependencies = [
    "django>=4.2",
    "python-stdnum>=1.6",
]
files = [
    {file = "django_localflavor-5.0-py3-none-any.whl", hash = "sha256:ee32749420cc4a93b18667939fe7fa0da36d71024a0d9578b40809a71489cee7"},
    {file = "django_localflavor-5.0.tar.gz", hash = "sha256:9ddcce5dac6a956d076f3134071c64d4c76e1c7063e8aa7730414a2a1c5ded59"},
]

[[package]]
name = "django-sequences"
version = "3.0"
requires_python = ">=3.8"
summary = "Generate gapless sequences of integer values."
groups = ["default"]
dependencies = [
    "django>=3.2",
]
files = [
    {file = "django_sequences-3.0-py3-none-any.whl", hash = "sha256:e2dc2c3615f01e15d51c155ad38df8f56cbe61ec20b82f250b4ea35a277af614"},
    {file = "django_sequences-3.0.tar.gz", hash = "sha256:e82bfee28d9eaee5b7d3be618eed989c7c5a117601b56142ee2435edb5a45456"},
]

[[package]]
name = "djangorestframework"
version = "3.16.0"
requires_python = ">=3.9"
summary = "Web APIs for Django, made easy."
groups = ["default"]
dependencies = [
    "backports-zoneinfo; python_version < \"3.9\"",
    "django>=4.2",
]
files = [
    {file = "djangorestframework-3.16.0-py3-none-any.whl", hash = "sha256:bea7e9f6b96a8584c5224bfb2e4348dfb3f8b5e34edbecb98da258e892089361"},
    {file = "djangorestframework-3.16.0.tar.gz", hash = "sha256:f022ff46613584de994c0c6a4aebbace5fd700555fbe9d33b865ebf173eba6c9"},
]

[[package]]
name = "python-stdnum"
version = "2.1"
requires_python = ">=3.8"
summary = "Python module to handle standardized numbers and codes"
groups = ["default"]
files = [
    {file = "python_stdnum-2.1-py3-none-any.whl", hash = "sha256:25eabcf5f307dd4150fd8f1c03f4512a6caeb84c9f09be1448711f5803373c58"},
    {file = "python_stdnum-2.1.tar.gz", hash = "sha256:6b01645969eb3dfd55061a0114d593753cd9e653cea9083198b7eea12644397a"},
]

[[package]]
name = "sqlparse"
version = "0.5.3"
requires_python = ">=3.8"
summary = "A non-validating SQL parser."
groups = ["default"]
files = [
    {file = "sqlparse-0.5.3-py3-none-any.whl", hash = "sha256:cf2196ed3418f3ba5de6af7e82c694a9fbdbfecccdfc72e281548517081f16ca"},
    {file = "sqlparse-0.5.3.tar.gz", hash = "sha256:09f67787f56a0b16ecdbde1bfc7f5d9c3371ca683cfeaa8e6ff60b4807ec9272"},
]

[[package]]
name = "tzdata"
version = "2025.2"
requires_python = ">=2"
summary = "Provider of IANA time zone data"
groups = ["default"]
marker = "sys_platform == \"win32\""
files = [
    {file = "tzdata-2025.2-py2.py3-none-any.whl", hash = "sha256:1a403fada01ff9221ca8044d701868fa132215d84beb92242d9acd2147f667a8"},
    {file = "tzdata-2025.2.tar.gz", hash = "sha256:b60a638fcc0daffadf82fe0f57e53d06bdec2f36c4df66280ae79bce6bd6f2b9"},
]
